// !$*UTF8*$!
{
	archiveVersion = 1;
	classes = {
	};
	objectVersion = 51;
	objects = {

/* Begin PBXBuildFile section */
		42333E5726A3F35500030DAB /* Login.storyboard in Resources */ = {isa = PBXBuildFile; fileRef = 42333E5626A3F35500030DAB /* Login.storyboard */; };
		42333E5A26A3F61E00030DAB /* LoginViewController.swift in Sources */ = {isa = PBXBuildFile; fileRef = 42333E5926A3F61E00030DAB /* LoginViewController.swift */; };
		4288F27326AA4AD100E7DF1C /* Home.storyboard in Resources */ = {isa = PBXBuildFile; fileRef = 4288F27226AA4AD100E7DF1C /* Home.storyboard */; };
		4288F27526AA4B1000E7DF1C /* HomeViewController.swift in Sources */ = {isa = PBXBuildFile; fileRef = 4288F27426AA4B1000E7DF1C /* HomeViewController.swift */; };
		4288F27826ACD15800E7DF1C /* StructsForJson.swift in Sources */ = {isa = PBXBuildFile; fileRef = 4288F27726ACD15800E7DF1C /* StructsForJson.swift */; };
		4288F27A26ACD5FC00E7DF1C /* Constants.swift in Sources */ = {isa = PBXBuildFile; fileRef = 4288F27926ACD5FC00E7DF1C /* Constants.swift */; };
		429B4A6B26975F3F002C3B97 /* AppDelegate.swift in Sources */ = {isa = PBXBuildFile; fileRef = 429B4A6A26975F3F002C3B97 /* AppDelegate.swift */; };
		429B4A7426975F41002C3B97 /* Assets.xcassets in Resources */ = {isa = PBXBuildFile; fileRef = 429B4A7326975F41002C3B97 /* Assets.xcassets */; };
		429B4A7726975F41002C3B97 /* LaunchScreen.storyboard in Resources */ = {isa = PBXBuildFile; fileRef = 429B4A7526975F41002C3B97 /* LaunchScreen.storyboard */; };
		58F37D8E4A66B6352FD04EC5 /* Pods_TV_shows.framework in Frameworks */ = {isa = PBXBuildFile; fileRef = A4287CDDFDCD42B615E25BD0 /* Pods_TV_shows.framework */; };
/* End PBXBuildFile section */

/* Begin PBXFileReference section */
		42333E5626A3F35500030DAB /* Login.storyboard */ = {isa = PBXFileReference; lastKnownFileType = file.storyboard; path = Login.storyboard; sourceTree = "<group>"; };
		42333E5926A3F61E00030DAB /* LoginViewController.swift */ = {isa = PBXFileReference; lastKnownFileType = sourcecode.swift; path = LoginViewController.swift; sourceTree = "<group>"; };
		4288F27226AA4AD100E7DF1C /* Home.storyboard */ = {isa = PBXFileReference; lastKnownFileType = file.storyboard; path = Home.storyboard; sourceTree = "<group>"; };
		4288F27426AA4B1000E7DF1C /* HomeViewController.swift */ = {isa = PBXFileReference; lastKnownFileType = sourcecode.swift; path = HomeViewController.swift; sourceTree = "<group>"; };
		4288F27726ACD15800E7DF1C /* StructsForJson.swift */ = {isa = PBXFileReference; lastKnownFileType = sourcecode.swift; path = StructsForJson.swift; sourceTree = "<group>"; };
		4288F27926ACD5FC00E7DF1C /* Constants.swift */ = {isa = PBXFileReference; lastKnownFileType = sourcecode.swift; path = Constants.swift; sourceTree = "<group>"; };
		429B4A6726975F3F002C3B97 /* TV shows.app */ = {isa = PBXFileReference; explicitFileType = wrapper.application; includeInIndex = 0; path = "TV shows.app"; sourceTree = BUILT_PRODUCTS_DIR; };
		429B4A6A26975F3F002C3B97 /* AppDelegate.swift */ = {isa = PBXFileReference; lastKnownFileType = sourcecode.swift; path = AppDelegate.swift; sourceTree = "<group>"; };
		429B4A7326975F41002C3B97 /* Assets.xcassets */ = {isa = PBXFileReference; lastKnownFileType = folder.assetcatalog; path = Assets.xcassets; sourceTree = "<group>"; };
		429B4A7626975F41002C3B97 /* Base */ = {isa = PBXFileReference; lastKnownFileType = file.storyboard; name = Base; path = Base.lproj/LaunchScreen.storyboard; sourceTree = "<group>"; };
		429B4A7826975F41002C3B97 /* Info.plist */ = {isa = PBXFileReference; lastKnownFileType = text.plist.xml; path = Info.plist; sourceTree = "<group>"; };
		A4287CDDFDCD42B615E25BD0 /* Pods_TV_shows.framework */ = {isa = PBXFileReference; explicitFileType = wrapper.framework; includeInIndex = 0; path = Pods_TV_shows.framework; sourceTree = BUILT_PRODUCTS_DIR; };
		B92945296605832BF1EDC4F0 /* Pods-TV shows.debug.xcconfig */ = {isa = PBXFileReference; includeInIndex = 1; lastKnownFileType = text.xcconfig; name = "Pods-TV shows.debug.xcconfig"; path = "Target Support Files/Pods-TV shows/Pods-TV shows.debug.xcconfig"; sourceTree = "<group>"; };
		D99BBF65CC1C07E15498E4CB /* Pods-TV shows.release.xcconfig */ = {isa = PBXFileReference; includeInIndex = 1; lastKnownFileType = text.xcconfig; name = "Pods-TV shows.release.xcconfig"; path = "Target Support Files/Pods-TV shows/Pods-TV shows.release.xcconfig"; sourceTree = "<group>"; };
/* End PBXFileReference section */

/* Begin PBXFrameworksBuildPhase section */
		429B4A6426975F3F002C3B97 /* Frameworks */ = {
			isa = PBXFrameworksBuildPhase;
			buildActionMask = 2147483647;
			files = (
				58F37D8E4A66B6352FD04EC5 /* Pods_TV_shows.framework in Frameworks */,
			);
			runOnlyForDeploymentPostprocessing = 0;
		};
/* End PBXFrameworksBuildPhase section */

/* Begin PBXGroup section */
		42333E4E26A24EE300030DAB /* Login */ = {
			isa = PBXGroup;
			children = (
				42333E5626A3F35500030DAB /* Login.storyboard */,
				42333E5926A3F61E00030DAB /* LoginViewController.swift */,
			);
			path = Login;
			sourceTree = "<group>";
		};
		4288F27126AA4AB300E7DF1C /* HomeView */ = {
			isa = PBXGroup;
			children = (
				4288F27226AA4AD100E7DF1C /* Home.storyboard */,
				4288F27426AA4B1000E7DF1C /* HomeViewController.swift */,
			);
			path = HomeView;
			sourceTree = "<group>";
		};
		4288F27626ACD13C00E7DF1C /* Networking */ = {
			isa = PBXGroup;
			children = (
				4288F27726ACD15800E7DF1C /* StructsForJson.swift */,
			);
			path = Networking;
			sourceTree = "<group>";
		};
		429B4A5E26975F3F002C3B97 = {
			isa = PBXGroup;
			children = (
				429B4A6926975F3F002C3B97 /* TV shows */,
				429B4A6826975F3F002C3B97 /* Products */,
				C3A24BF5380D6976153B4F84 /* Pods */,
				AF071E30D7F4F21EC9D12F69 /* Frameworks */,
			);
			sourceTree = "<group>";
		};
		429B4A6826975F3F002C3B97 /* Products */ = {
			isa = PBXGroup;
			children = (
				429B4A6726975F3F002C3B97 /* TV shows.app */,
			);
			name = Products;
			sourceTree = "<group>";
		};
		429B4A6926975F3F002C3B97 /* TV shows */ = {
			isa = PBXGroup;
			children = (
				4288F27626ACD13C00E7DF1C /* Networking */,
				4288F27126AA4AB300E7DF1C /* HomeView */,
				42333E4E26A24EE300030DAB /* Login */,
				429B4A6A26975F3F002C3B97 /* AppDelegate.swift */,
				429B4A7326975F41002C3B97 /* Assets.xcassets */,
				429B4A7526975F41002C3B97 /* LaunchScreen.storyboard */,
				429B4A7826975F41002C3B97 /* Info.plist */,
				4288F27926ACD5FC00E7DF1C /* Constants.swift */,
			);
			path = "TV shows";
			sourceTree = "<group>";
		};
		AF071E30D7F4F21EC9D12F69 /* Frameworks */ = {
			isa = PBXGroup;
			children = (
				A4287CDDFDCD42B615E25BD0 /* Pods_TV_shows.framework */,
			);
			name = Frameworks;
			sourceTree = "<group>";
		};
		C3A24BF5380D6976153B4F84 /* Pods */ = {
			isa = PBXGroup;
			children = (
				B92945296605832BF1EDC4F0 /* Pods-TV shows.debug.xcconfig */,
				D99BBF65CC1C07E15498E4CB /* Pods-TV shows.release.xcconfig */,
			);
			path = Pods;
			sourceTree = "<group>";
		};
/* End PBXGroup section */

/* Begin PBXNativeTarget section */
		429B4A6626975F3F002C3B97 /* TV shows */ = {
			isa = PBXNativeTarget;
			buildConfigurationList = 429B4A7B26975F41002C3B97 /* Build configuration list for PBXNativeTarget "TV shows" */;
			buildPhases = (
				7BC070BA1D5C64D25CDAD5C4 /* [CP] Check Pods Manifest.lock */,
				429B4A6326975F3F002C3B97 /* Sources */,
				429B4A6426975F3F002C3B97 /* Frameworks */,
				429B4A6526975F3F002C3B97 /* Resources */,
				AD27923B1722F8FD55C67BAF /* [CP] Embed Pods Frameworks */,
			);
			buildRules = (
			);
			dependencies = (
			);
			name = "TV shows";
			productName = "TV shows";
			productReference = 429B4A6726975F3F002C3B97 /* TV shows.app */;
			productType = "com.apple.product-type.application";
		};
/* End PBXNativeTarget section */

/* Begin PBXProject section */
		429B4A5F26975F3F002C3B97 /* Project object */ = {
			isa = PBXProject;
			attributes = {
				LastSwiftUpdateCheck = 1250;
				LastUpgradeCheck = 1250;
				TargetAttributes = {
					429B4A6626975F3F002C3B97 = {
						CreatedOnToolsVersion = 12.5.1;
					};
				};
			};
			buildConfigurationList = 429B4A6226975F3F002C3B97 /* Build configuration list for PBXProject "TV shows" */;
			compatibilityVersion = "Xcode 9.3";
			developmentRegion = en;
			hasScannedForEncodings = 0;
			knownRegions = (
				en,
				Base,
			);
			mainGroup = 429B4A5E26975F3F002C3B97;
			productRefGroup = 429B4A6826975F3F002C3B97 /* Products */;
			projectDirPath = "";
			projectRoot = "";
			targets = (
				429B4A6626975F3F002C3B97 /* TV shows */,
			);
		};
/* End PBXProject section */

/* Begin PBXResourcesBuildPhase section */
		429B4A6526975F3F002C3B97 /* Resources */ = {
			isa = PBXResourcesBuildPhase;
			buildActionMask = 2147483647;
			files = (
				429B4A7726975F41002C3B97 /* LaunchScreen.storyboard in Resources */,
				429B4A7426975F41002C3B97 /* Assets.xcassets in Resources */,
				42333E5726A3F35500030DAB /* Login.storyboard in Resources */,
				4288F27326AA4AD100E7DF1C /* Home.storyboard in Resources */,
			);
			runOnlyForDeploymentPostprocessing = 0;
		};
/* End PBXResourcesBuildPhase section */

/* Begin PBXShellScriptBuildPhase section */
		7BC070BA1D5C64D25CDAD5C4 /* [CP] Check Pods Manifest.lock */ = {
			isa = PBXShellScriptBuildPhase;
			buildActionMask = 2147483647;
			files = (
			);
			inputFileListPaths = (
			);
			inputPaths = (
				"${PODS_PODFILE_DIR_PATH}/Podfile.lock",
				"${PODS_ROOT}/Manifest.lock",
			);
			name = "[CP] Check Pods Manifest.lock";
			outputFileListPaths = (
			);
			outputPaths = (
				"$(DERIVED_FILE_DIR)/Pods-TV shows-checkManifestLockResult.txt",
			);
			runOnlyForDeploymentPostprocessing = 0;
			shellPath = /bin/sh;
			shellScript = "diff \"${PODS_PODFILE_DIR_PATH}/Podfile.lock\" \"${PODS_ROOT}/Manifest.lock\" > /dev/null\nif [ $? != 0 ] ; then\n    # print error to STDERR\n    echo \"error: The sandbox is not in sync with the Podfile.lock. Run 'pod install' or update your CocoaPods installation.\" >&2\n    exit 1\nfi\n# This output is used by Xcode 'outputs' to avoid re-running this script phase.\necho \"SUCCESS\" > \"${SCRIPT_OUTPUT_FILE_0}\"\n";
			showEnvVarsInLog = 0;
		};
		AD27923B1722F8FD55C67BAF /* [CP] Embed Pods Frameworks */ = {
			isa = PBXShellScriptBuildPhase;
			buildActionMask = 2147483647;
			files = (
			);
			inputFileListPaths = (
				"${PODS_ROOT}/Target Support Files/Pods-TV shows/Pods-TV shows-frameworks-${CONFIGURATION}-input-files.xcfilelist",
			);
			name = "[CP] Embed Pods Frameworks";
			outputFileListPaths = (
				"${PODS_ROOT}/Target Support Files/Pods-TV shows/Pods-TV shows-frameworks-${CONFIGURATION}-output-files.xcfilelist",
			);
			runOnlyForDeploymentPostprocessing = 0;
			shellPath = /bin/sh;
			shellScript = "\"${PODS_ROOT}/Target Support Files/Pods-TV shows/Pods-TV shows-frameworks.sh\"\n";
			showEnvVarsInLog = 0;
		};
/* End PBXShellScriptBuildPhase section */

/* Begin PBXSourcesBuildPhase section */
		429B4A6326975F3F002C3B97 /* Sources */ = {
			isa = PBXSourcesBuildPhase;
			buildActionMask = 2147483647;
			files = (
				4288F27A26ACD5FC00E7DF1C /* Constants.swift in Sources */,
				4288F27826ACD15800E7DF1C /* StructsForJson.swift in Sources */,
				42333E5A26A3F61E00030DAB /* LoginViewController.swift in Sources */,
				429B4A6B26975F3F002C3B97 /* AppDelegate.swift in Sources */,
				4288F27526AA4B1000E7DF1C /* HomeViewController.swift in Sources */,
			);
			runOnlyForDeploymentPostprocessing = 0;
		};
/* End PBXSourcesBuildPhase section */

/* Begin PBXVariantGroup section */
		429B4A7526975F41002C3B97 /* LaunchScreen.storyboard */ = {
			isa = PBXVariantGroup;
			children = (
				429B4A7626975F41002C3B97 /* Base */,
			);
			name = LaunchScreen.storyboard;
			sourceTree = "<group>";
		};
/* End PBXVariantGroup section */

/* Begin XCBuildConfiguration section */
		429B4A7926975F41002C3B97 /* Debug */ = {
			isa = XCBuildConfiguration;
			buildSettings = {
				ALWAYS_SEARCH_USER_PATHS = NO;
				CLANG_ANALYZER_NONNULL = YES;
				CLANG_ANALYZER_NUMBER_OBJECT_CONVERSION = YES_AGGRESSIVE;
				CLANG_CXX_LANGUAGE_STANDARD = "gnu++14";
				CLANG_CXX_LIBRARY = "libc++";
				CLANG_ENABLE_MODULES = YES;
				CLANG_ENABLE_OBJC_ARC = YES;
				CLANG_ENABLE_OBJC_WEAK = YES;
				CLANG_WARN_BLOCK_CAPTURE_AUTORELEASING = YES;
				CLANG_WARN_BOOL_CONVERSION = YES;
				CLANG_WARN_COMMA = YES;
				CLANG_WARN_CONSTANT_CONVERSION = YES;
				CLANG_WARN_DEPRECATED_OBJC_IMPLEMENTATIONS = YES;
				CLANG_WARN_DIRECT_OBJC_ISA_USAGE = YES_ERROR;
				CLANG_WARN_DOCUMENTATION_COMMENTS = YES;
				CLANG_WARN_EMPTY_BODY = YES;
				CLANG_WARN_ENUM_CONVERSION = YES;
				CLANG_WARN_INFINITE_RECURSION = YES;
				CLANG_WARN_INT_CONVERSION = YES;
				CLANG_WARN_NON_LITERAL_NULL_CONVERSION = YES;
				CLANG_WARN_OBJC_IMPLICIT_RETAIN_SELF = YES;
				CLANG_WARN_OBJC_LITERAL_CONVERSION = YES;
				CLANG_WARN_OBJC_ROOT_CLASS = YES_ERROR;
				CLANG_WARN_QUOTED_INCLUDE_IN_FRAMEWORK_HEADER = YES;
				CLANG_WARN_RANGE_LOOP_ANALYSIS = YES;
				CLANG_WARN_STRICT_PROTOTYPES = YES;
				CLANG_WARN_SUSPICIOUS_MOVE = YES;
				CLANG_WARN_UNGUARDED_AVAILABILITY = YES_AGGRESSIVE;
				CLANG_WARN_UNREACHABLE_CODE = YES;
				CLANG_WARN__DUPLICATE_METHOD_MATCH = YES;
				COPY_PHASE_STRIP = NO;
				DEBUG_INFORMATION_FORMAT = dwarf;
				ENABLE_STRICT_OBJC_MSGSEND = YES;
				ENABLE_TESTABILITY = YES;
				GCC_C_LANGUAGE_STANDARD = gnu11;
				GCC_DYNAMIC_NO_PIC = NO;
				GCC_NO_COMMON_BLOCKS = YES;
				GCC_OPTIMIZATION_LEVEL = 0;
				GCC_PREPROCESSOR_DEFINITIONS = (
					"DEBUG=1",
					"$(inherited)",
				);
				GCC_WARN_64_TO_32_BIT_CONVERSION = YES;
				GCC_WARN_ABOUT_RETURN_TYPE = YES_ERROR;
				GCC_WARN_UNDECLARED_SELECTOR = YES;
				GCC_WARN_UNINITIALIZED_AUTOS = YES_AGGRESSIVE;
				GCC_WARN_UNUSED_FUNCTION = YES;
				GCC_WARN_UNUSED_VARIABLE = YES;
				IPHONEOS_DEPLOYMENT_TARGET = 12.1;
				MTL_ENABLE_DEBUG_INFO = INCLUDE_SOURCE;
				MTL_FAST_MATH = YES;
				ONLY_ACTIVE_ARCH = YES;
				SDKROOT = iphoneos;
				SWIFT_ACTIVE_COMPILATION_CONDITIONS = DEBUG;
				SWIFT_OPTIMIZATION_LEVEL = "-Onone";
			};
			name = Debug;
		};
		429B4A7A26975F41002C3B97 /* Release */ = {
			isa = XCBuildConfiguration;
			buildSettings = {
				ALWAYS_SEARCH_USER_PATHS = NO;
				CLANG_ANALYZER_NONNULL = YES;
				CLANG_ANALYZER_NUMBER_OBJECT_CONVERSION = YES_AGGRESSIVE;
				CLANG_CXX_LANGUAGE_STANDARD = "gnu++14";
				CLANG_CXX_LIBRARY = "libc++";
				CLANG_ENABLE_MODULES = YES;
				CLANG_ENABLE_OBJC_ARC = YES;
				CLANG_ENABLE_OBJC_WEAK = YES;
				CLANG_WARN_BLOCK_CAPTURE_AUTORELEASING = YES;
				CLANG_WARN_BOOL_CONVERSION = YES;
				CLANG_WARN_COMMA = YES;
				CLANG_WARN_CONSTANT_CONVERSION = YES;
				CLANG_WARN_DEPRECATED_OBJC_IMPLEMENTATIONS = YES;
				CLANG_WARN_DIRECT_OBJC_ISA_USAGE = YES_ERROR;
				CLANG_WARN_DOCUMENTATION_COMMENTS = YES;
				CLANG_WARN_EMPTY_BODY = YES;
				CLANG_WARN_ENUM_CONVERSION = YES;
				CLANG_WARN_INFINITE_RECURSION = YES;
				CLANG_WARN_INT_CONVERSION = YES;
				CLANG_WARN_NON_LITERAL_NULL_CONVERSION = YES;
				CLANG_WARN_OBJC_IMPLICIT_RETAIN_SELF = YES;
				CLANG_WARN_OBJC_LITERAL_CONVERSION = YES;
				CLANG_WARN_OBJC_ROOT_CLASS = YES_ERROR;
				CLANG_WARN_QUOTED_INCLUDE_IN_FRAMEWORK_HEADER = YES;
				CLANG_WARN_RANGE_LOOP_ANALYSIS = YES;
				CLANG_WARN_STRICT_PROTOTYPES = YES;
				CLANG_WARN_SUSPICIOUS_MOVE = YES;
				CLANG_WARN_UNGUARDED_AVAILABILITY = YES_AGGRESSIVE;
				CLANG_WARN_UNREACHABLE_CODE = YES;
				CLANG_WARN__DUPLICATE_METHOD_MATCH = YES;
				COPY_PHASE_STRIP = NO;
				DEBUG_INFORMATION_FORMAT = "dwarf-with-dsym";
				ENABLE_NS_ASSERTIONS = NO;
				ENABLE_STRICT_OBJC_MSGSEND = YES;
				GCC_C_LANGUAGE_STANDARD = gnu11;
				GCC_NO_COMMON_BLOCKS = YES;
				GCC_WARN_64_TO_32_BIT_CONVERSION = YES;
				GCC_WARN_ABOUT_RETURN_TYPE = YES_ERROR;
				GCC_WARN_UNDECLARED_SELECTOR = YES;
				GCC_WARN_UNINITIALIZED_AUTOS = YES_AGGRESSIVE;
				GCC_WARN_UNUSED_FUNCTION = YES;
				GCC_WARN_UNUSED_VARIABLE = YES;
				IPHONEOS_DEPLOYMENT_TARGET = 12.1;
				MTL_ENABLE_DEBUG_INFO = NO;
				MTL_FAST_MATH = YES;
				SDKROOT = iphoneos;
				SWIFT_COMPILATION_MODE = wholemodule;
				SWIFT_OPTIMIZATION_LEVEL = "-O";
				VALIDATE_PRODUCT = YES;
			};
			name = Release;
		};
		429B4A7C26975F41002C3B97 /* Debug */ = {
			isa = XCBuildConfiguration;
			baseConfigurationReference = B92945296605832BF1EDC4F0 /* Pods-TV shows.debug.xcconfig */;
			buildSettings = {
				ASSETCATALOG_COMPILER_APPICON_NAME = AppIcon;
				ASSETCATALOG_COMPILER_GLOBAL_ACCENT_COLOR_NAME = AccentColor;
				CODE_SIGN_STYLE = Automatic;
				INFOPLIST_FILE = "TV shows/Info.plist";
				LD_RUNPATH_SEARCH_PATHS = (
					"$(inherited)",
					"@executable_path/Frameworks",
				);
				PRODUCT_BUNDLE_IDENTIFIER = "com.infinum.academy.Mbenacic.TV-shows";
				PRODUCT_NAME = "$(TARGET_NAME)";
				SWIFT_VERSION = 5.0;
				TARGETED_DEVICE_FAMILY = "1,2";
			};
			name = Debug;
		};
		429B4A7D26975F41002C3B97 /* Release */ = {
			isa = XCBuildConfiguration;
			baseConfigurationReference = D99BBF65CC1C07E15498E4CB /* Pods-TV shows.release.xcconfig */;
			buildSettings = {
				ASSETCATALOG_COMPILER_APPICON_NAME = AppIcon;
				ASSETCATALOG_COMPILER_GLOBAL_ACCENT_COLOR_NAME = AccentColor;
				CODE_SIGN_STYLE = Automatic;
				INFOPLIST_FILE = "TV shows/Info.plist";
				LD_RUNPATH_SEARCH_PATHS = (
					"$(inherited)",
					"@executable_path/Frameworks",
				);
				PRODUCT_BUNDLE_IDENTIFIER = "com.infinum.academy.Mbenacic.TV-shows";
				PRODUCT_NAME = "$(TARGET_NAME)";
				SWIFT_VERSION = 5.0;
				TARGETED_DEVICE_FAMILY = "1,2";
			};
			name = Release;
		};
/* End XCBuildConfiguration section */

/* Begin XCConfigurationList section */
		429B4A6226975F3F002C3B97 /* Build configuration list for PBXProject "TV shows" */ = {
			isa = XCConfigurationList;
			buildConfigurations = (
				429B4A7926975F41002C3B97 /* Debug */,
				429B4A7A26975F41002C3B97 /* Release */,
			);
			defaultConfigurationIsVisible = 0;
			defaultConfigurationName = Release;
		};
		429B4A7B26975F41002C3B97 /* Build configuration list for PBXNativeTarget "TV shows" */ = {
			isa = XCConfigurationList;
			buildConfigurations = (
				429B4A7C26975F41002C3B97 /* Debug */,
				429B4A7D26975F41002C3B97 /* Release */,
			);
			defaultConfigurationIsVisible = 0;
			defaultConfigurationName = Release;
		};
/* End XCConfigurationList section */
	};
	rootObject = 429B4A5F26975F3F002C3B97 /* Project object */;
}
